
Microsoft Visual Studio Solution File, Format Version 12.00
# Visual Studio Version 16
VisualStudioVersion = 16.0.30907.101
MinimumVisualStudioVersion = 10.0.40219.1
Project("{FAE04EC0-301F-11D3-BF4B-00C04F79EFBC}") = "DacTienda", "DacTienda\DacTienda.csproj", "{37286D05-D7CD-423A-85BC-14347582C93E}"
EndProject
Project("{FAE04EC0-301F-11D3-BF4B-00C04F79EFBC}") = "WindowsTienda", "WindowsTienda\WindowsTienda.csproj", "{486443E1-F69C-417F-B875-3605CF80F9F1}"
EndProject
Global
	GlobalSection(SolutionConfigurationPlatforms) = preSolution
		Debug|Any CPU = Debug|Any CPU
		Release|Any CPU = Release|Any CPU
	EndGlobalSection
	GlobalSection(ProjectConfigurationPlatforms) = postSolution
		{37286D05-D7CD-423A-85BC-14347582C93E}.Debug|Any CPU.ActiveCfg = Debug|Any CPU
		{37286D05-D7CD-423A-85BC-14347582C93E}.Debug|Any CPU.Build.0 = Debug|Any CPU
		{37286D05-D7CD-423A-85BC-14347582C93E}.Release|Any CPU.ActiveCfg = Release|Any CPU
		{37286D05-D7CD-423A-85BC-14347582C93E}.Release|Any CPU.Build.0 = Release|Any CPU
		{486443E1-F69C-417F-B875-3605CF80F9F1}.Debug|Any CPU.ActiveCfg = Debug|Any CPU
		{486443E1-F69C-417F-B875-3605CF80F9F1}.Debug|Any CPU.Build.0 = Debug|Any CPU
		{486443E1-F69C-417F-B875-3605CF80F9F1}.Release|Any CPU.ActiveCfg = Release|Any CPU
		{486443E1-F69C-417F-B875-3605CF80F9F1}.Release|Any CPU.Build.0 = Release|Any CPU
	EndGlobalSection
	GlobalSection(SolutionProperties) = preSolution
		HideSolutionNode = FALSE
	EndGlobalSection
	GlobalSection(ExtensibilityGlobals) = postSolution
		SolutionGuid = {B737B188-1808-434D-AA90-519428A12712}
	EndGlobalSection
EndGlobal
